
Microsoft Visual Studio Solution File, Format Version 12.00
# Visual Studio 15
VisualStudioVersion = 15.0.26730.12
MinimumVisualStudioVersion = 10.0.40219.1
Project("{FAE04EC0-301F-11D3-BF4B-00C04F79EFBC}") = "DesktopApp", "Login\DesktopApp.csproj", "{8FCB2BCF-A6F8-4F14-AA1F-52938CF4CAB3}"
EndProject
Project("{FAE04EC0-301F-11D3-BF4B-00C04F79EFBC}") = "TextBoxLibrary", "DistanceLibrary\TextBoxLibrary.csproj", "{400FD466-444F-4BCB-8D75-8FE8FA1764C1}"
EndProject
Project("{FAE04EC0-301F-11D3-BF4B-00C04F79EFBC}") = "RouteDistanceLibrary", "RouteDistanceLibrary\RouteDistanceLibrary.csproj", "{3E84FEDB-7570-4068-96A5-E9D8488296C0}"
EndProject
Project("{FAE04EC0-301F-11D3-BF4B-00C04F79EFBC}") = "JourneyService", "JourneyService\JourneyService.csproj", "{DF1373A1-8C49-4225-AEEE-453DF11269C5}"
EndProject
Project("{FAE04EC0-301F-11D3-BF4B-00C04F79EFBC}") = "ClientWebApp", "ClientWebApp\ClientWebApp.csproj", "{9BB8B8EE-56CA-4A40-98D5-0B47656616B6}"
	ProjectSection(ProjectDependencies) = postProject
		{DF1373A1-8C49-4225-AEEE-453DF11269C5} = {DF1373A1-8C49-4225-AEEE-453DF11269C5}
	EndProjectSection
EndProject
Global
	GlobalSection(SolutionConfigurationPlatforms) = preSolution
		Debug|Any CPU = Debug|Any CPU
		Release|Any CPU = Release|Any CPU
	EndGlobalSection
	GlobalSection(ProjectConfigurationPlatforms) = postSolution
		{8FCB2BCF-A6F8-4F14-AA1F-52938CF4CAB3}.Debug|Any CPU.ActiveCfg = Debug|Any CPU
		{8FCB2BCF-A6F8-4F14-AA1F-52938CF4CAB3}.Debug|Any CPU.Build.0 = Debug|Any CPU
		{8FCB2BCF-A6F8-4F14-AA1F-52938CF4CAB3}.Release|Any CPU.ActiveCfg = Release|Any CPU
		{8FCB2BCF-A6F8-4F14-AA1F-52938CF4CAB3}.Release|Any CPU.Build.0 = Release|Any CPU
		{400FD466-444F-4BCB-8D75-8FE8FA1764C1}.Debug|Any CPU.ActiveCfg = Debug|Any CPU
		{400FD466-444F-4BCB-8D75-8FE8FA1764C1}.Debug|Any CPU.Build.0 = Debug|Any CPU
		{400FD466-444F-4BCB-8D75-8FE8FA1764C1}.Release|Any CPU.ActiveCfg = Release|Any CPU
		{400FD466-444F-4BCB-8D75-8FE8FA1764C1}.Release|Any CPU.Build.0 = Release|Any CPU
		{3E84FEDB-7570-4068-96A5-E9D8488296C0}.Debug|Any CPU.ActiveCfg = Debug|Any CPU
		{3E84FEDB-7570-4068-96A5-E9D8488296C0}.Debug|Any CPU.Build.0 = Debug|Any CPU
		{3E84FEDB-7570-4068-96A5-E9D8488296C0}.Release|Any CPU.ActiveCfg = Release|Any CPU
		{3E84FEDB-7570-4068-96A5-E9D8488296C0}.Release|Any CPU.Build.0 = Release|Any CPU
		{DF1373A1-8C49-4225-AEEE-453DF11269C5}.Debug|Any CPU.ActiveCfg = Debug|Any CPU
		{DF1373A1-8C49-4225-AEEE-453DF11269C5}.Debug|Any CPU.Build.0 = Debug|Any CPU
		{DF1373A1-8C49-4225-AEEE-453DF11269C5}.Release|Any CPU.ActiveCfg = Release|Any CPU
		{DF1373A1-8C49-4225-AEEE-453DF11269C5}.Release|Any CPU.Build.0 = Release|Any CPU
		{9BB8B8EE-56CA-4A40-98D5-0B47656616B6}.Debug|Any CPU.ActiveCfg = Debug|Any CPU
		{9BB8B8EE-56CA-4A40-98D5-0B47656616B6}.Debug|Any CPU.Build.0 = Debug|Any CPU
		{9BB8B8EE-56CA-4A40-98D5-0B47656616B6}.Release|Any CPU.ActiveCfg = Release|Any CPU
		{9BB8B8EE-56CA-4A40-98D5-0B47656616B6}.Release|Any CPU.Build.0 = Release|Any CPU
	EndGlobalSection
	GlobalSection(SolutionProperties) = preSolution
		HideSolutionNode = FALSE
	EndGlobalSection
	GlobalSection(ExtensibilityGlobals) = postSolution
		SolutionGuid = {62F596B5-39E7-4D02-ACA8-BDD885F97872}
	EndGlobalSection
EndGlobal
